
Microsoft Visual Studio Solution File, Format Version 12.00
# Visual Studio Version 16
VisualStudioVersion = 16.0.29418.71
MinimumVisualStudioVersion = 10.0.40219.1
Project("{FAE04EC0-301F-11D3-BF4B-00C04F79EFBC}") = "BarcodeMainDemo_4_Nuget", "BarcodeMainDemo_4_Nuget.csproj", "{126B5526-A244-4D2E-B379-E1811A020ECE}"
EndProject
Global
	GlobalSection(SolutionConfigurationPlatforms) = preSolution
		Debug|Any CPU = Debug|Any CPU
		Debug|x64 = Debug|x64
		Debug|x86 = Debug|x86
		Release|Any CPU = Release|Any CPU
		Release|x64 = Release|x64
		Release|x86 = Release|x86
	EndGlobalSection
	GlobalSection(ProjectConfigurationPlatforms) = postSolution
		{126B5526-A244-4D2E-B379-E1811A020ECE}.Debug|Any CPU.ActiveCfg = Debug|Any CPU
		{126B5526-A244-4D2E-B379-E1811A020ECE}.Debug|Any CPU.Build.0 = Debug|Any CPU
		{126B5526-A244-4D2E-B379-E1811A020ECE}.Debug|x64.ActiveCfg = Debug|x64
		{126B5526-A244-4D2E-B379-E1811A020ECE}.Debug|x64.Build.0 = Debug|x64
		{126B5526-A244-4D2E-B379-E1811A020ECE}.Debug|x86.ActiveCfg = Debug|x86
		{126B5526-A244-4D2E-B379-E1811A020ECE}.Debug|x86.Build.0 = Debug|x86
		{126B5526-A244-4D2E-B379-E1811A020ECE}.Release|Any CPU.ActiveCfg = Release|Any CPU
		{126B5526-A244-4D2E-B379-E1811A020ECE}.Release|Any CPU.Build.0 = Release|Any CPU
		{126B5526-A244-4D2E-B379-E1811A020ECE}.Release|x64.ActiveCfg = Release|x64
		{126B5526-A244-4D2E-B379-E1811A020ECE}.Release|x64.Build.0 = Release|x64
		{126B5526-A244-4D2E-B379-E1811A020ECE}.Release|x86.ActiveCfg = Release|x86
		{126B5526-A244-4D2E-B379-E1811A020ECE}.Release|x86.Build.0 = Release|x86
	EndGlobalSection
	GlobalSection(SolutionProperties) = preSolution
		HideSolutionNode = FALSE
	EndGlobalSection
	GlobalSection(ExtensibilityGlobals) = postSolution
		SolutionGuid = {615F3A54-71D9-4248-B95D-AAAC60887655}
	EndGlobalSection
EndGlobal
